
Microsoft Visual Studio Solution File, Format Version 12.00
# Visual Studio Version 16
VisualStudioVersion = 16.0.30517.126
MinimumVisualStudioVersion = 10.0.40219.1
Project("{FAE04EC0-301F-11D3-BF4B-00C04F79EFBC}") = "FormsAppEvoX", "FormsAppEvoX.csproj", "{2376C706-BDDA-4773-B40A-1B8F7D4C727F}"
EndProject
Global
	GlobalSection(SolutionConfigurationPlatforms) = preSolution
		Debug|Any CPU = Debug|Any CPU
		Release|Any CPU = Release|Any CPU
	EndGlobalSection
	GlobalSection(ProjectConfigurationPlatforms) = postSolution
		{2376C706-BDDA-4773-B40A-1B8F7D4C727F}.Debug|Any CPU.ActiveCfg = Debug|Any CPU
		{2376C706-BDDA-4773-B40A-1B8F7D4C727F}.Debug|Any CPU.Build.0 = Debug|Any CPU
		{2376C706-BDDA-4773-B40A-1B8F7D4C727F}.Release|Any CPU.ActiveCfg = Release|Any CPU
		{2376C706-BDDA-4773-B40A-1B8F7D4C727F}.Release|Any CPU.Build.0 = Release|Any CPU
	EndGlobalSection
	GlobalSection(SolutionProperties) = preSolution
		HideSolutionNode = FALSE
	EndGlobalSection
	GlobalSection(ExtensibilityGlobals) = postSolution
		SolutionGuid = {3D9D8707-6F72-46D4-9063-7E885C890670}
	EndGlobalSection
EndGlobal
